<?xml version="1.0" encoding="utf-8"?>
<Project ToolsVersion="4.0" xmlns="http://schemas.microsoft.com/developer/msbuild/2003">
  <ItemGroup>
    <Filter Include="Source Files">
      <UniqueIdentifier>{78ca949a-168e-4525-88d3-9d9a04659252}</UniqueIdentifier>
      <Extensions>cpp;c;cxx;rc;def;r;odl;idl;hpj;bat</Extensions>
    </Filter>
    <Filter Include="Header Files">
      <UniqueIdentifier>{e7557727-0b56-44da-92cc-3a0f9288b069}</UniqueIdentifier>
      <Extensions>h;hpp;hxx;hm;inl</Extensions>
    </Filter>
    <Filter Include="Resource Files">
      <UniqueIdentifier>{cdc5fc5c-dbc1-4fa3-859c-68f972f1dd7f}</UniqueIdentifier>
      <Extensions>ico;cur;bmp;dlg;rc2;rct;bin;rgs;gif;jpg;jpeg;jpe</Extensions>
    </Filter>
    <Filter Include="BugTrap">
      <UniqueIdentifier>{1339532c-7ff2-4105-9f6c-db97211a550d}</UniqueIdentifier>
    </Filter>
  </ItemGroup>
  <ItemGroup>
    <ClCompile Include="CrashMe.cpp">
      <Filter>Source Files</Filter>
    </ClCompile>
    <ClCompile Include="CrashMeDlg.cpp">
      <Filter>Source Files</Filter>
    </ClCompile>
    <ClCompile Include="StdAfx.cpp">
      <Filter>Source Files</Filter>
    </ClCompile>
  </ItemGroup>
  <ItemGroup>
    <ResourceCompile Include="CrashMe.rc">
      <Filter>Source Files</Filter>
    </ResourceCompile>
  </ItemGroup>
  <ItemGroup>
    <ClInclude Include="CrashMe.h">
      <Filter>Header Files</Filter>
    </ClInclude>
    <ClInclude Include="CrashMeDlg.h">
      <Filter>Header Files</Filter>
    </ClInclude>
    <ClInclude Include="Resource.h">
      <Filter>Header Files</Filter>
    </ClInclude>
    <ClInclude Include="StdAfx.h">
      <Filter>Header Files</Filter>
    </ClInclude>
    <ClInclude Include="BugTrap\BugTrap.h">
      <Filter>BugTrap</Filter>
    </ClInclude>
  </ItemGroup>
  <ItemGroup>
    <None Include="res\CrashMe.ico">
      <Filter>Resource Files</Filter>
    </None>
    <None Include="res\CrashMe.rc2">
      <Filter>Resource Files</Filter>
    </None>
  </ItemGroup>
</Project>